<?xml version="1.0" encoding="utf-8"?>
<Project ToolsVersion="4.0" xmlns="http://schemas.microsoft.com/developer/msbuild/2003">
  <ItemGroup>
    <Filter Include="Source Files">
      <UniqueIdentifier>{24B466CD-E609-41B5-9487-5EA1A4BE3F81}</UniqueIdentifier>
      <Extensions>cpp;c;cc;cxx;c++;cppm;ixx;def;odl;idl;hpj;bat;asm;asmx</Extensions>
    </Filter>
    <Filter Include="Header Files">
      <UniqueIdentifier>{82146E54-9963-4212-9364-2B43F1A36756}</UniqueIdentifier>
      <Extensions>h;hh;hpp;hxx;h++;hm;inl;inc;ipp;xsd</Extensions>
    </Filter>
  </ItemGroup>
  <ItemGroup>
    <ClCompile Include="src\camera.cc">
      <Filter>Source Files</Filter>
    </ClCompile>
    <ClCompile Include="src\renderer.cc">
      <Filter>Source Files</Filter>
    </ClCompile>
    <ClCompile Include="src\render_mesh.cc">
      <Filter>Source Files</Filter>
    </ClCompile>
    <ClCompile Include="src\render_target.cc">
      <Filter>Source Files</Filter>
    </ClCompile>
    <ClCompile Include="src\surface.cc">
      <Filter>Source Files</Filter>
    </ClCompile>
    <ClCompile Include="src\texture.cc">
      <Filter>Source Files</Filter>
    </ClCompile>
    <ClCompile Include="src\world.cc">
      <Filter>Source Files</Filter>
    </ClCompile>
  </ItemGroup>
  <ItemGroup>
    <ClInclude Include="include\camera.h">
      <Filter>Header Files</Filter>
    </ClInclude>
    <ClInclude Include="include\common.h">
      <Filter>Header Files</Filter>
    </ClInclude>
    <ClInclude Include="include\opengl_type_traits.h">
      <Filter>Header Files</Filter>
    </ClInclude>
    <ClInclude Include="include\renderer.h">
      <Filter>Header Files</Filter>
    </ClInclude>
    <ClInclude Include="include\render_mesh.h">
      <Filter>Header Files</Filter>
    </ClInclude>
    <ClInclude Include="include\render_target.h">
      <Filter>Header Files</Filter>
    </ClInclude>
    <ClInclude Include="include\surface.h">
      <Filter>Header Files</Filter>
    </ClInclude>
    <ClInclude Include="include\texture.h">
      <Filter>Header Files</Filter>
    </ClInclude>
    <ClInclude Include="include\world.h">
      <Filter>Header Files</Filter>
    </ClInclude>
  </ItemGroup>
</Project>